{
  "name": "platforms-homework",
  "version": "1.0.0",
  "lockfileVersion": 3,
  "requires": true,
  "packages": {
    "": {
      "name": "platforms-homework",
      "version": "1.0.0",
      "license": "ISC",
      "dependencies": {
        "@taniachris8/ajs": "^1.0.0"
      }
    },
    "node_modules/@taniachris8/ajs": {
      "version": "1.0.0",
      "resolved": "https://npm.pkg.github.com/download/@taniachris8/ajs/1.0.0/13258b02be730fec65bf87f0dbcb6461e78390c3",
      "integrity": "sha512-RFxui87uTckqpFpxInWNDeUBoJqzDyUGcOkmNb8C4JW5khYdyz8S607UHqijEM+ywvQygvnguO2Yul1MVPnTog=="
    }
  }
}
